
Microsoft Visual Studio Solution File, Format Version 12.00
# Visual Studio Version 17
VisualStudioVersion = 17.10.35122.118
MinimumVisualStudioVersion = 10.0.40219.1
Project("{9A19103F-16F7-4668-BE54-9A1E7A4F7556}") = "Module", "Module\Module.csproj", "{AE0490B6-E744-415F-BD6C-2201426F47DC}"
EndProject
Project("{2150E333-8FDC-42A3-9474-1A3956D46DE8}") = "Solution Items", "Solution Items", "{436B6608-1E45-4A34-9051-EA0C60354718}"
	ProjectSection(SolutionItems) = preProject
		DownloadLatestDLL.ps1 = DownloadLatestDLL.ps1
	EndProjectSection
EndProject
Project("{9A19103F-16F7-4668-BE54-9A1E7A4F7556}") = "CLI", "CLI\CLI.csproj", "{F5CC8597-5275-46D7-9E64-533BB6EBB0C2}"
EndProject
Project("{9A19103F-16F7-4668-BE54-9A1E7A4F7556}") = "GUI", "GUI\GUI.csproj", "{ADE0D70F-26DF-4286-9DAB-1A0B4D784D9F}"
EndProject
Project("{930C7802-8A8C-48F9-8165-68863BCCD9DD}") = "Installer", "Installer\Installer.wixproj", "{82108591-0DC9-4F88-85E0-E8F6F2E1F10C}"
EndProject
Global
	GlobalSection(SolutionConfigurationPlatforms) = preSolution
		All|Any CPU = All|Any CPU
		All|x64 = All|x64
		All|x86 = All|x86
		Debug|Any CPU = Debug|Any CPU
		Debug|x64 = Debug|x64
		Debug|x86 = Debug|x86
		DefaultBuild|Any CPU = DefaultBuild|Any CPU
		DefaultBuild|x64 = DefaultBuild|x64
		DefaultBuild|x86 = DefaultBuild|x86
		Release|Any CPU = Release|Any CPU
		Release|x64 = Release|x64
		Release|x86 = Release|x86
	EndGlobalSection
	GlobalSection(ProjectConfigurationPlatforms) = postSolution
		{AE0490B6-E744-415F-BD6C-2201426F47DC}.All|Any CPU.ActiveCfg = Release|Any CPU
		{AE0490B6-E744-415F-BD6C-2201426F47DC}.All|Any CPU.Build.0 = Release|Any CPU
		{AE0490B6-E744-415F-BD6C-2201426F47DC}.All|x64.ActiveCfg = Debug|x64
		{AE0490B6-E744-415F-BD6C-2201426F47DC}.All|x64.Build.0 = Debug|x64
		{AE0490B6-E744-415F-BD6C-2201426F47DC}.All|x86.ActiveCfg = Release|Any CPU
		{AE0490B6-E744-415F-BD6C-2201426F47DC}.All|x86.Build.0 = Release|Any CPU
		{AE0490B6-E744-415F-BD6C-2201426F47DC}.Debug|Any CPU.ActiveCfg = Debug|Any CPU
		{AE0490B6-E744-415F-BD6C-2201426F47DC}.Debug|Any CPU.Build.0 = Debug|Any CPU
		{AE0490B6-E744-415F-BD6C-2201426F47DC}.Debug|x64.ActiveCfg = Release|x64
		{AE0490B6-E744-415F-BD6C-2201426F47DC}.Debug|x64.Build.0 = Release|x64
		{AE0490B6-E744-415F-BD6C-2201426F47DC}.Debug|x86.ActiveCfg = Debug|Any CPU
		{AE0490B6-E744-415F-BD6C-2201426F47DC}.Debug|x86.Build.0 = Debug|Any CPU
		{AE0490B6-E744-415F-BD6C-2201426F47DC}.DefaultBuild|Any CPU.ActiveCfg = Debug|Any CPU
		{AE0490B6-E744-415F-BD6C-2201426F47DC}.DefaultBuild|Any CPU.Build.0 = Debug|Any CPU
		{AE0490B6-E744-415F-BD6C-2201426F47DC}.DefaultBuild|x64.ActiveCfg = Debug|x64
		{AE0490B6-E744-415F-BD6C-2201426F47DC}.DefaultBuild|x64.Build.0 = Debug|x64
		{AE0490B6-E744-415F-BD6C-2201426F47DC}.DefaultBuild|x86.ActiveCfg = Debug|Any CPU
		{AE0490B6-E744-415F-BD6C-2201426F47DC}.DefaultBuild|x86.Build.0 = Debug|Any CPU
		{AE0490B6-E744-415F-BD6C-2201426F47DC}.Release|Any CPU.ActiveCfg = Release|Any CPU
		{AE0490B6-E744-415F-BD6C-2201426F47DC}.Release|Any CPU.Build.0 = Release|Any CPU
		{AE0490B6-E744-415F-BD6C-2201426F47DC}.Release|x64.ActiveCfg = Release|x64
		{AE0490B6-E744-415F-BD6C-2201426F47DC}.Release|x64.Build.0 = Release|x64
		{AE0490B6-E744-415F-BD6C-2201426F47DC}.Release|x86.ActiveCfg = Release|Any CPU
		{AE0490B6-E744-415F-BD6C-2201426F47DC}.Release|x86.Build.0 = Release|Any CPU
		{F5CC8597-5275-46D7-9E64-533BB6EBB0C2}.All|Any CPU.ActiveCfg = Release|Any CPU
		{F5CC8597-5275-46D7-9E64-533BB6EBB0C2}.All|Any CPU.Build.0 = Release|Any CPU
		{F5CC8597-5275-46D7-9E64-533BB6EBB0C2}.All|x64.ActiveCfg = Debug|x64
		{F5CC8597-5275-46D7-9E64-533BB6EBB0C2}.All|x64.Build.0 = Debug|x64
		{F5CC8597-5275-46D7-9E64-533BB6EBB0C2}.All|x86.ActiveCfg = Release|Any CPU
		{F5CC8597-5275-46D7-9E64-533BB6EBB0C2}.All|x86.Build.0 = Release|Any CPU
		{F5CC8597-5275-46D7-9E64-533BB6EBB0C2}.Debug|Any CPU.ActiveCfg = Debug|Any CPU
		{F5CC8597-5275-46D7-9E64-533BB6EBB0C2}.Debug|Any CPU.Build.0 = Debug|Any CPU
		{F5CC8597-5275-46D7-9E64-533BB6EBB0C2}.Debug|x64.ActiveCfg = Release|x64
		{F5CC8597-5275-46D7-9E64-533BB6EBB0C2}.Debug|x64.Build.0 = Release|x64
		{F5CC8597-5275-46D7-9E64-533BB6EBB0C2}.Debug|x86.ActiveCfg = Debug|Any CPU
		{F5CC8597-5275-46D7-9E64-533BB6EBB0C2}.Debug|x86.Build.0 = Debug|Any CPU
		{F5CC8597-5275-46D7-9E64-533BB6EBB0C2}.DefaultBuild|Any CPU.ActiveCfg = Debug|Any CPU
		{F5CC8597-5275-46D7-9E64-533BB6EBB0C2}.DefaultBuild|Any CPU.Build.0 = Debug|Any CPU
		{F5CC8597-5275-46D7-9E64-533BB6EBB0C2}.DefaultBuild|x64.ActiveCfg = Debug|x64
		{F5CC8597-5275-46D7-9E64-533BB6EBB0C2}.DefaultBuild|x64.Build.0 = Debug|x64
		{F5CC8597-5275-46D7-9E64-533BB6EBB0C2}.DefaultBuild|x86.ActiveCfg = Debug|Any CPU
		{F5CC8597-5275-46D7-9E64-533BB6EBB0C2}.DefaultBuild|x86.Build.0 = Debug|Any CPU
		{F5CC8597-5275-46D7-9E64-533BB6EBB0C2}.Release|Any CPU.ActiveCfg = Release|Any CPU
		{F5CC8597-5275-46D7-9E64-533BB6EBB0C2}.Release|Any CPU.Build.0 = Release|Any CPU
		{F5CC8597-5275-46D7-9E64-533BB6EBB0C2}.Release|x64.ActiveCfg = Release|x64
		{F5CC8597-5275-46D7-9E64-533BB6EBB0C2}.Release|x64.Build.0 = Release|x64
		{F5CC8597-5275-46D7-9E64-533BB6EBB0C2}.Release|x86.ActiveCfg = Release|Any CPU
		{F5CC8597-5275-46D7-9E64-533BB6EBB0C2}.Release|x86.Build.0 = Release|Any CPU
		{134C2340-5B2B-4014-9A93-2380229D09DD}.All|Any CPU.ActiveCfg = Release
		{134C2340-5B2B-4014-9A93-2380229D09DD}.All|Any CPU.Build.0 = Release
		{134C2340-5B2B-4014-9A93-2380229D09DD}.All|x64.ActiveCfg = Debug
		{134C2340-5B2B-4014-9A93-2380229D09DD}.All|x64.Build.0 = Debug
		{134C2340-5B2B-4014-9A93-2380229D09DD}.All|x86.ActiveCfg = Release
		{134C2340-5B2B-4014-9A93-2380229D09DD}.All|x86.Build.0 = Release
		{134C2340-5B2B-4014-9A93-2380229D09DD}.Debug|Any CPU.ActiveCfg = Debug
		{134C2340-5B2B-4014-9A93-2380229D09DD}.Debug|x64.ActiveCfg = Release
		{134C2340-5B2B-4014-9A93-2380229D09DD}.Debug|x64.Build.0 = Release
		{134C2340-5B2B-4014-9A93-2380229D09DD}.Debug|x86.ActiveCfg = Debug
		{134C2340-5B2B-4014-9A93-2380229D09DD}.Debug|x86.Build.0 = Debug
		{134C2340-5B2B-4014-9A93-2380229D09DD}.DefaultBuild|Any CPU.ActiveCfg = Debug
		{134C2340-5B2B-4014-9A93-2380229D09DD}.DefaultBuild|Any CPU.Build.0 = Debug
		{134C2340-5B2B-4014-9A93-2380229D09DD}.DefaultBuild|x64.ActiveCfg = Debug
		{134C2340-5B2B-4014-9A93-2380229D09DD}.DefaultBuild|x64.Build.0 = Debug
		{134C2340-5B2B-4014-9A93-2380229D09DD}.DefaultBuild|x86.ActiveCfg = Debug
		{134C2340-5B2B-4014-9A93-2380229D09DD}.DefaultBuild|x86.Build.0 = Debug
		{134C2340-5B2B-4014-9A93-2380229D09DD}.Release|Any CPU.ActiveCfg = Release
		{134C2340-5B2B-4014-9A93-2380229D09DD}.Release|x64.ActiveCfg = Release
		{134C2340-5B2B-4014-9A93-2380229D09DD}.Release|x64.Build.0 = Release
		{134C2340-5B2B-4014-9A93-2380229D09DD}.Release|x86.ActiveCfg = Release
		{134C2340-5B2B-4014-9A93-2380229D09DD}.Release|x86.Build.0 = Release
		{ADE0D70F-26DF-4286-9DAB-1A0B4D784D9F}.All|Any CPU.ActiveCfg = Release|Any CPU
		{ADE0D70F-26DF-4286-9DAB-1A0B4D784D9F}.All|Any CPU.Build.0 = Release|Any CPU
		{ADE0D70F-26DF-4286-9DAB-1A0B4D784D9F}.All|x64.ActiveCfg = Debug|x64
		{ADE0D70F-26DF-4286-9DAB-1A0B4D784D9F}.All|x64.Build.0 = Debug|x64
		{ADE0D70F-26DF-4286-9DAB-1A0B4D784D9F}.All|x86.ActiveCfg = Release|Any CPU
		{ADE0D70F-26DF-4286-9DAB-1A0B4D784D9F}.All|x86.Build.0 = Release|Any CPU
		{ADE0D70F-26DF-4286-9DAB-1A0B4D784D9F}.Debug|Any CPU.ActiveCfg = Debug|Any CPU
		{ADE0D70F-26DF-4286-9DAB-1A0B4D784D9F}.Debug|Any CPU.Build.0 = Debug|Any CPU
		{ADE0D70F-26DF-4286-9DAB-1A0B4D784D9F}.Debug|x64.ActiveCfg = Release|x64
		{ADE0D70F-26DF-4286-9DAB-1A0B4D784D9F}.Debug|x64.Build.0 = Release|x64
		{ADE0D70F-26DF-4286-9DAB-1A0B4D784D9F}.Debug|x86.ActiveCfg = Debug|Any CPU
		{ADE0D70F-26DF-4286-9DAB-1A0B4D784D9F}.Debug|x86.Build.0 = Debug|Any CPU
		{ADE0D70F-26DF-4286-9DAB-1A0B4D784D9F}.DefaultBuild|Any CPU.ActiveCfg = Debug|Any CPU
		{ADE0D70F-26DF-4286-9DAB-1A0B4D784D9F}.DefaultBuild|Any CPU.Build.0 = Debug|Any CPU
		{ADE0D70F-26DF-4286-9DAB-1A0B4D784D9F}.DefaultBuild|x64.ActiveCfg = Debug|x64
		{ADE0D70F-26DF-4286-9DAB-1A0B4D784D9F}.DefaultBuild|x64.Build.0 = Debug|x64
		{ADE0D70F-26DF-4286-9DAB-1A0B4D784D9F}.DefaultBuild|x86.ActiveCfg = Debug|Any CPU
		{ADE0D70F-26DF-4286-9DAB-1A0B4D784D9F}.DefaultBuild|x86.Build.0 = Debug|Any CPU
		{ADE0D70F-26DF-4286-9DAB-1A0B4D784D9F}.Release|Any CPU.ActiveCfg = Release|Any CPU
		{ADE0D70F-26DF-4286-9DAB-1A0B4D784D9F}.Release|Any CPU.Build.0 = Release|Any CPU
		{ADE0D70F-26DF-4286-9DAB-1A0B4D784D9F}.Release|x64.ActiveCfg = Release|x64
		{ADE0D70F-26DF-4286-9DAB-1A0B4D784D9F}.Release|x64.Build.0 = Release|x64
		{ADE0D70F-26DF-4286-9DAB-1A0B4D784D9F}.Release|x86.ActiveCfg = Release|Any CPU
		{ADE0D70F-26DF-4286-9DAB-1A0B4D784D9F}.Release|x86.Build.0 = Release|Any CPU
		{82108591-0DC9-4F88-85E0-E8F6F2E1F10C}.All|Any CPU.ActiveCfg = Debug|x86
		{82108591-0DC9-4F88-85E0-E8F6F2E1F10C}.All|Any CPU.Build.0 = Debug|x86
		{82108591-0DC9-4F88-85E0-E8F6F2E1F10C}.All|x64.ActiveCfg = Release|x86
		{82108591-0DC9-4F88-85E0-E8F6F2E1F10C}.All|x64.Build.0 = Release|x86
		{82108591-0DC9-4F88-85E0-E8F6F2E1F10C}.All|x86.ActiveCfg = Debug|x86
		{82108591-0DC9-4F88-85E0-E8F6F2E1F10C}.All|x86.Build.0 = Debug|x86
		{82108591-0DC9-4F88-85E0-E8F6F2E1F10C}.Debug|Any CPU.ActiveCfg = Debug|x86
		{82108591-0DC9-4F88-85E0-E8F6F2E1F10C}.Debug|Any CPU.Build.0 = Debug|x86
		{82108591-0DC9-4F88-85E0-E8F6F2E1F10C}.Debug|x64.ActiveCfg = Release|x86
		{82108591-0DC9-4F88-85E0-E8F6F2E1F10C}.Debug|x64.Build.0 = Release|x86
		{82108591-0DC9-4F88-85E0-E8F6F2E1F10C}.Debug|x86.ActiveCfg = Debug|x86
		{82108591-0DC9-4F88-85E0-E8F6F2E1F10C}.Debug|x86.Build.0 = Debug|x86
		{82108591-0DC9-4F88-85E0-E8F6F2E1F10C}.DefaultBuild|Any CPU.ActiveCfg = Debug|x86
		{82108591-0DC9-4F88-85E0-E8F6F2E1F10C}.DefaultBuild|Any CPU.Build.0 = Debug|x86
		{82108591-0DC9-4F88-85E0-E8F6F2E1F10C}.DefaultBuild|x64.ActiveCfg = Debug|x86
		{82108591-0DC9-4F88-85E0-E8F6F2E1F10C}.DefaultBuild|x64.Build.0 = Debug|x86
		{82108591-0DC9-4F88-85E0-E8F6F2E1F10C}.DefaultBuild|x86.ActiveCfg = Debug|x86
		{82108591-0DC9-4F88-85E0-E8F6F2E1F10C}.DefaultBuild|x86.Build.0 = Debug|x86
		{82108591-0DC9-4F88-85E0-E8F6F2E1F10C}.Release|Any CPU.ActiveCfg = Release|x86
		{82108591-0DC9-4F88-85E0-E8F6F2E1F10C}.Release|Any CPU.Build.0 = Release|x86
		{82108591-0DC9-4F88-85E0-E8F6F2E1F10C}.Release|x64.ActiveCfg = Release|x86
		{82108591-0DC9-4F88-85E0-E8F6F2E1F10C}.Release|x64.Build.0 = Release|x86
		{82108591-0DC9-4F88-85E0-E8F6F2E1F10C}.Release|x86.ActiveCfg = Release|x86
		{82108591-0DC9-4F88-85E0-E8F6F2E1F10C}.Release|x86.Build.0 = Release|x86
	EndGlobalSection
	GlobalSection(SolutionProperties) = preSolution
		HideSolutionNode = FALSE
	EndGlobalSection
	GlobalSection(ExtensibilityGlobals) = postSolution
		SolutionGuid = {C4A73951-C27C-4B08-B995-8DFCBF1142D2}
	EndGlobalSection
EndGlobal
